<Solution>
  <Configurations>
    <BuildType Name="AppStore" />
    <BuildType Name="Debug" />
    <BuildType Name="Release" />
  </Configurations>
  <Project Path="NativeAot-Android-NonReleaseConfig/NativeAot-Android-NonReleaseConfig.csproj">
    <Deploy />
  </Project>
  <Project Path="NativeAOT-Android-SkiaSharp/NativeAOT-Android-SkiaSharp.csproj" Id="983d58bb-0405-4ea1-92f1-f7913bafcced">
    <BuildType Solution="AppStore|*" Project="Release" />
    <Deploy />
  </Project>
</Solution>
